
Microsoft Visual Studio Solution File, Format Version 12.00
# Visual Studio Version 17
VisualStudioVersion = 17.6.33829.357
MinimumVisualStudioVersion = 10.0.40219.1
Project("{9A19103F-16F7-4668-BE54-9A1E7A4F7556}") = "CasaMuscioBE.API", "CasaMuscioBE\CasaMuscioBE.API.csproj", "{DEA3F442-2717-40B3-818D-677978712879}"
EndProject
Project("{FAE04EC0-301F-11D3-BF4B-00C04F79EFBC}") = "CasaMuscioBENew.BLL", "CasaMuscioBENew.BLL\CasaMuscioBENew.BLL.csproj", "{3C1F4C53-9EF0-439B-AE04-B5660B0F33B8}"
EndProject
Project("{FAE04EC0-301F-11D3-BF4B-00C04F79EFBC}") = "CasaMuscioBENew.DAL", "CasaMuscioBENew.DAL\CasaMuscioBENew.DAL.csproj", "{8B5BCCA7-1B98-48E8-A0CC-8712FD4FF837}"
EndProject
Global
	GlobalSection(SolutionConfigurationPlatforms) = preSolution
		Debug|Any CPU = Debug|Any CPU
		Release|Any CPU = Release|Any CPU
	EndGlobalSection
	GlobalSection(ProjectConfigurationPlatforms) = postSolution
		{DEA3F442-2717-40B3-818D-677978712879}.Debug|Any CPU.ActiveCfg = Debug|Any CPU
		{DEA3F442-2717-40B3-818D-677978712879}.Debug|Any CPU.Build.0 = Debug|Any CPU
		{DEA3F442-2717-40B3-818D-677978712879}.Release|Any CPU.ActiveCfg = Release|Any CPU
		{DEA3F442-2717-40B3-818D-677978712879}.Release|Any CPU.Build.0 = Release|Any CPU
		{3C1F4C53-9EF0-439B-AE04-B5660B0F33B8}.Debug|Any CPU.ActiveCfg = Debug|Any CPU
		{3C1F4C53-9EF0-439B-AE04-B5660B0F33B8}.Debug|Any CPU.Build.0 = Debug|Any CPU
		{3C1F4C53-9EF0-439B-AE04-B5660B0F33B8}.Release|Any CPU.ActiveCfg = Release|Any CPU
		{3C1F4C53-9EF0-439B-AE04-B5660B0F33B8}.Release|Any CPU.Build.0 = Release|Any CPU
		{8B5BCCA7-1B98-48E8-A0CC-8712FD4FF837}.Debug|Any CPU.ActiveCfg = Debug|Any CPU
		{8B5BCCA7-1B98-48E8-A0CC-8712FD4FF837}.Debug|Any CPU.Build.0 = Debug|Any CPU
		{8B5BCCA7-1B98-48E8-A0CC-8712FD4FF837}.Release|Any CPU.ActiveCfg = Release|Any CPU
		{8B5BCCA7-1B98-48E8-A0CC-8712FD4FF837}.Release|Any CPU.Build.0 = Release|Any CPU
	EndGlobalSection
	GlobalSection(SolutionProperties) = preSolution
		HideSolutionNode = FALSE
	EndGlobalSection
	GlobalSection(ExtensibilityGlobals) = postSolution
		SolutionGuid = {9A8F350C-9134-4FFD-BAE2-EF63CAD5853A}
	EndGlobalSection
EndGlobal
